
Microsoft Visual Studio Solution File, Format Version 12.00
# Visual Studio Version 17
VisualStudioVersion = 17.6.33829.357
MinimumVisualStudioVersion = 10.0.40219.1
Project("{FAE04EC0-301F-11D3-BF4B-00C04F79EFBC}") = "Soma", "Soma\Soma.csproj", "{D6C3CD65-B774-4D99-B66A-0E036A51107A}"
EndProject
Global
	GlobalSection(SolutionConfigurationPlatforms) = preSolution
		Debug|Any CPU = Debug|Any CPU
		Release|Any CPU = Release|Any CPU
	EndGlobalSection
	GlobalSection(ProjectConfigurationPlatforms) = postSolution
		{D6C3CD65-B774-4D99-B66A-0E036A51107A}.Debug|Any CPU.ActiveCfg = Debug|Any CPU
		{D6C3CD65-B774-4D99-B66A-0E036A51107A}.Debug|Any CPU.Build.0 = Debug|Any CPU
		{D6C3CD65-B774-4D99-B66A-0E036A51107A}.Release|Any CPU.ActiveCfg = Release|Any CPU
		{D6C3CD65-B774-4D99-B66A-0E036A51107A}.Release|Any CPU.Build.0 = Release|Any CPU
	EndGlobalSection
	GlobalSection(SolutionProperties) = preSolution
		HideSolutionNode = FALSE
	EndGlobalSection
	GlobalSection(ExtensibilityGlobals) = postSolution
		SolutionGuid = {876DFC50-80C0-4592-BEB7-E8FAE3335EE2}
	EndGlobalSection
EndGlobal
