
Microsoft Visual Studio Solution File, Format Version 12.00
# Visual Studio Version 17
VisualStudioVersion = 17.6.33829.357
MinimumVisualStudioVersion = 10.0.40219.1
Project("{FAE04EC0-301F-11D3-BF4B-00C04F79EFBC}") = "Fatorial", "Fatorial\Fatorial.csproj", "{9957B0D1-F35B-4595-ACF3-16049FB98C50}"
EndProject
Global
	GlobalSection(SolutionConfigurationPlatforms) = preSolution
		Debug|Any CPU = Debug|Any CPU
		Release|Any CPU = Release|Any CPU
	EndGlobalSection
	GlobalSection(ProjectConfigurationPlatforms) = postSolution
		{9957B0D1-F35B-4595-ACF3-16049FB98C50}.Debug|Any CPU.ActiveCfg = Debug|Any CPU
		{9957B0D1-F35B-4595-ACF3-16049FB98C50}.Debug|Any CPU.Build.0 = Debug|Any CPU
		{9957B0D1-F35B-4595-ACF3-16049FB98C50}.Release|Any CPU.ActiveCfg = Release|Any CPU
		{9957B0D1-F35B-4595-ACF3-16049FB98C50}.Release|Any CPU.Build.0 = Release|Any CPU
	EndGlobalSection
	GlobalSection(SolutionProperties) = preSolution
		HideSolutionNode = FALSE
	EndGlobalSection
	GlobalSection(ExtensibilityGlobals) = postSolution
		SolutionGuid = {7FC422A7-7B1C-4FA5-B572-4E8C743B4278}
	EndGlobalSection
EndGlobal
