
Microsoft Visual Studio Solution File, Format Version 12.00
# Visual Studio Version 17
VisualStudioVersion = 17.6.33829.357
MinimumVisualStudioVersion = 10.0.40219.1
Project("{FAE04EC0-301F-11D3-BF4B-00C04F79EFBC}") = "produtos2", "produtos2\produtos2.csproj", "{ED01C17A-EE4D-49C9-AD23-28A60EEBC824}"
EndProject
Global
	GlobalSection(SolutionConfigurationPlatforms) = preSolution
		Debug|Any CPU = Debug|Any CPU
		Release|Any CPU = Release|Any CPU
	EndGlobalSection
	GlobalSection(ProjectConfigurationPlatforms) = postSolution
		{ED01C17A-EE4D-49C9-AD23-28A60EEBC824}.Debug|Any CPU.ActiveCfg = Debug|Any CPU
		{ED01C17A-EE4D-49C9-AD23-28A60EEBC824}.Debug|Any CPU.Build.0 = Debug|Any CPU
		{ED01C17A-EE4D-49C9-AD23-28A60EEBC824}.Release|Any CPU.ActiveCfg = Release|Any CPU
		{ED01C17A-EE4D-49C9-AD23-28A60EEBC824}.Release|Any CPU.Build.0 = Release|Any CPU
	EndGlobalSection
	GlobalSection(SolutionProperties) = preSolution
		HideSolutionNode = FALSE
	EndGlobalSection
	GlobalSection(ExtensibilityGlobals) = postSolution
		SolutionGuid = {65375F09-8152-447B-95E5-D2E72F5399BE}
	EndGlobalSection
EndGlobal
