
Microsoft Visual Studio Solution File, Format Version 12.00
# Visual Studio Version 17
VisualStudioVersion = 17.6.33829.357
MinimumVisualStudioVersion = 10.0.40219.1
Project("{FAE04EC0-301F-11D3-BF4B-00C04F79EFBC}") = "Diferenca de Produto", "Diferenca de Produto\Diferenca de Produto.csproj", "{5B9F1402-AC1C-4EAC-99DD-80BAAE06BADB}"
EndProject
Global
	GlobalSection(SolutionConfigurationPlatforms) = preSolution
		Debug|Any CPU = Debug|Any CPU
		Release|Any CPU = Release|Any CPU
	EndGlobalSection
	GlobalSection(ProjectConfigurationPlatforms) = postSolution
		{5B9F1402-AC1C-4EAC-99DD-80BAAE06BADB}.Debug|Any CPU.ActiveCfg = Debug|Any CPU
		{5B9F1402-AC1C-4EAC-99DD-80BAAE06BADB}.Debug|Any CPU.Build.0 = Debug|Any CPU
		{5B9F1402-AC1C-4EAC-99DD-80BAAE06BADB}.Release|Any CPU.ActiveCfg = Release|Any CPU
		{5B9F1402-AC1C-4EAC-99DD-80BAAE06BADB}.Release|Any CPU.Build.0 = Release|Any CPU
	EndGlobalSection
	GlobalSection(SolutionProperties) = preSolution
		HideSolutionNode = FALSE
	EndGlobalSection
	GlobalSection(ExtensibilityGlobals) = postSolution
		SolutionGuid = {7F95DA06-7614-45E8-B80E-6942F69D90C9}
	EndGlobalSection
EndGlobal
