
Microsoft Visual Studio Solution File, Format Version 12.00
# Visual Studio Version 17
VisualStudioVersion = 17.6.33829.357
MinimumVisualStudioVersion = 10.0.40219.1
Project("{FAE04EC0-301F-11D3-BF4B-00C04F79EFBC}") = "PositivoNegativo", "PositivoNegativo\PositivoNegativo.csproj", "{752FF36D-604C-411B-BDA5-0751103F7D99}"
EndProject
Global
	GlobalSection(SolutionConfigurationPlatforms) = preSolution
		Debug|Any CPU = Debug|Any CPU
		Release|Any CPU = Release|Any CPU
	EndGlobalSection
	GlobalSection(ProjectConfigurationPlatforms) = postSolution
		{752FF36D-604C-411B-BDA5-0751103F7D99}.Debug|Any CPU.ActiveCfg = Debug|Any CPU
		{752FF36D-604C-411B-BDA5-0751103F7D99}.Debug|Any CPU.Build.0 = Debug|Any CPU
		{752FF36D-604C-411B-BDA5-0751103F7D99}.Release|Any CPU.ActiveCfg = Release|Any CPU
		{752FF36D-604C-411B-BDA5-0751103F7D99}.Release|Any CPU.Build.0 = Release|Any CPU
	EndGlobalSection
	GlobalSection(SolutionProperties) = preSolution
		HideSolutionNode = FALSE
	EndGlobalSection
	GlobalSection(ExtensibilityGlobals) = postSolution
		SolutionGuid = {D0F592DE-93CA-4FE7-A2DB-5B46A6F36212}
	EndGlobalSection
EndGlobal
