
Microsoft Visual Studio Solution File, Format Version 12.00
# Visual Studio Version 17
VisualStudioVersion = 17.6.33829.357
MinimumVisualStudioVersion = 10.0.40219.1
Project("{FAE04EC0-301F-11D3-BF4B-00C04F79EFBC}") = "AlunoNotas", "AlunoNotas\AlunoNotas.csproj", "{5614BF58-7477-4660-9D39-FF5D9FF2C141}"
EndProject
Global
	GlobalSection(SolutionConfigurationPlatforms) = preSolution
		Debug|Any CPU = Debug|Any CPU
		Release|Any CPU = Release|Any CPU
	EndGlobalSection
	GlobalSection(ProjectConfigurationPlatforms) = postSolution
		{5614BF58-7477-4660-9D39-FF5D9FF2C141}.Debug|Any CPU.ActiveCfg = Debug|Any CPU
		{5614BF58-7477-4660-9D39-FF5D9FF2C141}.Debug|Any CPU.Build.0 = Debug|Any CPU
		{5614BF58-7477-4660-9D39-FF5D9FF2C141}.Release|Any CPU.ActiveCfg = Release|Any CPU
		{5614BF58-7477-4660-9D39-FF5D9FF2C141}.Release|Any CPU.Build.0 = Release|Any CPU
	EndGlobalSection
	GlobalSection(SolutionProperties) = preSolution
		HideSolutionNode = FALSE
	EndGlobalSection
	GlobalSection(ExtensibilityGlobals) = postSolution
		SolutionGuid = {D9116A99-0D19-40FE-A37A-8E45C6613D28}
	EndGlobalSection
EndGlobal
