
Microsoft Visual Studio Solution File, Format Version 12.00
# Visual Studio Version 17
VisualStudioVersion = 17.6.33829.357
MinimumVisualStudioVersion = 10.0.40219.1
Project("{FAE04EC0-301F-11D3-BF4B-00C04F79EFBC}") = "calculasalario", "calculasalario\calculasalario.csproj", "{DE2AD298-866D-44D2-82F3-61536994C826}"
EndProject
Global
	GlobalSection(SolutionConfigurationPlatforms) = preSolution
		Debug|Any CPU = Debug|Any CPU
		Release|Any CPU = Release|Any CPU
	EndGlobalSection
	GlobalSection(ProjectConfigurationPlatforms) = postSolution
		{DE2AD298-866D-44D2-82F3-61536994C826}.Debug|Any CPU.ActiveCfg = Debug|Any CPU
		{DE2AD298-866D-44D2-82F3-61536994C826}.Debug|Any CPU.Build.0 = Debug|Any CPU
		{DE2AD298-866D-44D2-82F3-61536994C826}.Release|Any CPU.ActiveCfg = Release|Any CPU
		{DE2AD298-866D-44D2-82F3-61536994C826}.Release|Any CPU.Build.0 = Release|Any CPU
	EndGlobalSection
	GlobalSection(SolutionProperties) = preSolution
		HideSolutionNode = FALSE
	EndGlobalSection
	GlobalSection(ExtensibilityGlobals) = postSolution
		SolutionGuid = {11498972-05DB-461A-9774-304F1B8FCE5F}
	EndGlobalSection
EndGlobal
